// !$*UTF8*$!
{
	archiveVersion = 1;
	classes = {
	};
	objectVersion = 56;
	objects = {

/* Begin PBXBuildFile section */
		A7AFB1712BA24F500093A619 /* ToDoAppApp.swift in Sources */ = {isa = PBXBuildFile; fileRef = A7AFB1702BA24F500093A619 /* ToDoAppApp.swift */; };
		A7AFB1752BA24F510093A619 /* Assets.xcassets in Resources */ = {isa = PBXBuildFile; fileRef = A7AFB1742BA24F510093A619 /* Assets.xcassets */; };
		A7AFB1782BA24F510093A619 /* Preview Assets.xcassets in Resources */ = {isa = PBXBuildFile; fileRef = A7AFB1772BA24F510093A619 /* Preview Assets.xcassets */; };
		A7AFB17F2BA251160093A619 /* MainView.swift in Sources */ = {isa = PBXBuildFile; fileRef = A7AFB17E2BA251160093A619 /* MainView.swift */; };
		A7AFB1872BA251A00093A619 /* GoogleService-Info.plist in Resources */ = {isa = PBXBuildFile; fileRef = A7AFB1862BA251A00093A619 /* GoogleService-Info.plist */; };
		A7AFB1892BA251B50093A619 /* LoginView.swift in Sources */ = {isa = PBXBuildFile; fileRef = A7AFB1882BA251B50093A619 /* LoginView.swift */; };
		A7AFB18B2BA251C30093A619 /* RegisterView.swift in Sources */ = {isa = PBXBuildFile; fileRef = A7AFB18A2BA251C30093A619 /* RegisterView.swift */; };
		A7AFB18E2BA2525C0093A619 /* FirebaseAuth in Frameworks */ = {isa = PBXBuildFile; productRef = A7AFB18D2BA2525C0093A619 /* FirebaseAuth */; };
		A7AFB1902BA2525C0093A619 /* FirebaseFirestore in Frameworks */ = {isa = PBXBuildFile; productRef = A7AFB18F2BA2525C0093A619 /* FirebaseFirestore */; };
		A7AFB1922BA2525C0093A619 /* FirebaseFirestoreSwift in Frameworks */ = {isa = PBXBuildFile; productRef = A7AFB1912BA2525C0093A619 /* FirebaseFirestoreSwift */; };
		A7AFB1942BA253B60093A619 /* User.swift in Sources */ = {isa = PBXBuildFile; fileRef = A7AFB1932BA253B60093A619 /* User.swift */; };
		A7AFB1962BA253CD0093A619 /* ToDoListItem.swift in Sources */ = {isa = PBXBuildFile; fileRef = A7AFB1952BA253CD0093A619 /* ToDoListItem.swift */; };
		A7AFB1982BA253EA0093A619 /* ProfileView.swift in Sources */ = {isa = PBXBuildFile; fileRef = A7AFB1972BA253EA0093A619 /* ProfileView.swift */; };
		A7AFB19A2BA253FF0093A619 /* ToDoListView.swift in Sources */ = {isa = PBXBuildFile; fileRef = A7AFB1992BA253FF0093A619 /* ToDoListView.swift */; };
		A7AFB19C2BA2542F0093A619 /* NewItemView.swift in Sources */ = {isa = PBXBuildFile; fileRef = A7AFB19B2BA2542F0093A619 /* NewItemView.swift */; };
		A7AFB19E2BA2543E0093A619 /* ToDoListItemView.swift in Sources */ = {isa = PBXBuildFile; fileRef = A7AFB19D2BA2543E0093A619 /* ToDoListItemView.swift */; };
		A7AFB1A02BA2545E0093A619 /* MainViewModel.swift in Sources */ = {isa = PBXBuildFile; fileRef = A7AFB19F2BA2545E0093A619 /* MainViewModel.swift */; };
		A7AFB1A22BA254670093A619 /* LoginViewModel.swift in Sources */ = {isa = PBXBuildFile; fileRef = A7AFB1A12BA254670093A619 /* LoginViewModel.swift */; };
		A7AFB1A42BA254710093A619 /* RegisterViewModel.swift in Sources */ = {isa = PBXBuildFile; fileRef = A7AFB1A32BA254710093A619 /* RegisterViewModel.swift */; };
		A7AFB1A62BA2547C0093A619 /* ProfileViewModel.swift in Sources */ = {isa = PBXBuildFile; fileRef = A7AFB1A52BA2547C0093A619 /* ProfileViewModel.swift */; };
		A7AFB1A82BA2548A0093A619 /* ToDoListViewModel.swift in Sources */ = {isa = PBXBuildFile; fileRef = A7AFB1A72BA2548A0093A619 /* ToDoListViewModel.swift */; };
		A7AFB1AA2BA254980093A619 /* NewItemViewModel.swift in Sources */ = {isa = PBXBuildFile; fileRef = A7AFB1A92BA254980093A619 /* NewItemViewModel.swift */; };
		A7AFB1AE2BA254DC0093A619 /* ToDoListItemViewModel.swift in Sources */ = {isa = PBXBuildFile; fileRef = A7AFB1AD2BA254DC0093A619 /* ToDoListItemViewModel.swift */; };
/* End PBXBuildFile section */

/* Begin PBXFileReference section */
		A7AFB16D2BA24F500093A619 /* ToDoApp.app */ = {isa = PBXFileReference; explicitFileType = wrapper.application; includeInIndex = 0; path = ToDoApp.app; sourceTree = BUILT_PRODUCTS_DIR; };
		A7AFB1702BA24F500093A619 /* ToDoAppApp.swift */ = {isa = PBXFileReference; lastKnownFileType = sourcecode.swift; path = ToDoAppApp.swift; sourceTree = "<group>"; };
		A7AFB1742BA24F510093A619 /* Assets.xcassets */ = {isa = PBXFileReference; lastKnownFileType = folder.assetcatalog; path = Assets.xcassets; sourceTree = "<group>"; };
		A7AFB1772BA24F510093A619 /* Preview Assets.xcassets */ = {isa = PBXFileReference; lastKnownFileType = folder.assetcatalog; path = "Preview Assets.xcassets"; sourceTree = "<group>"; };
		A7AFB17E2BA251160093A619 /* MainView.swift */ = {isa = PBXFileReference; lastKnownFileType = sourcecode.swift; path = MainView.swift; sourceTree = "<group>"; };
		A7AFB1862BA251A00093A619 /* GoogleService-Info.plist */ = {isa = PBXFileReference; fileEncoding = 4; lastKnownFileType = text.plist.xml; name = "GoogleService-Info.plist"; path = "../../../../../Downloads/GoogleService-Info.plist"; sourceTree = "<group>"; };
		A7AFB1882BA251B50093A619 /* LoginView.swift */ = {isa = PBXFileReference; lastKnownFileType = sourcecode.swift; path = LoginView.swift; sourceTree = "<group>"; };
		A7AFB18A2BA251C30093A619 /* RegisterView.swift */ = {isa = PBXFileReference; lastKnownFileType = sourcecode.swift; path = RegisterView.swift; sourceTree = "<group>"; };
		A7AFB1932BA253B60093A619 /* User.swift */ = {isa = PBXFileReference; lastKnownFileType = sourcecode.swift; path = User.swift; sourceTree = "<group>"; };
		A7AFB1952BA253CD0093A619 /* ToDoListItem.swift */ = {isa = PBXFileReference; lastKnownFileType = sourcecode.swift; path = ToDoListItem.swift; sourceTree = "<group>"; };
		A7AFB1972BA253EA0093A619 /* ProfileView.swift */ = {isa = PBXFileReference; lastKnownFileType = sourcecode.swift; path = ProfileView.swift; sourceTree = "<group>"; };
		A7AFB1992BA253FF0093A619 /* ToDoListView.swift */ = {isa = PBXFileReference; lastKnownFileType = sourcecode.swift; path = ToDoListView.swift; sourceTree = "<group>"; };
		A7AFB19B2BA2542F0093A619 /* NewItemView.swift */ = {isa = PBXFileReference; lastKnownFileType = sourcecode.swift; path = NewItemView.swift; sourceTree = "<group>"; };
		A7AFB19D2BA2543E0093A619 /* ToDoListItemView.swift */ = {isa = PBXFileReference; lastKnownFileType = sourcecode.swift; path = ToDoListItemView.swift; sourceTree = "<group>"; };
		A7AFB19F2BA2545E0093A619 /* MainViewModel.swift */ = {isa = PBXFileReference; lastKnownFileType = sourcecode.swift; path = MainViewModel.swift; sourceTree = "<group>"; };
		A7AFB1A12BA254670093A619 /* LoginViewModel.swift */ = {isa = PBXFileReference; lastKnownFileType = sourcecode.swift; path = LoginViewModel.swift; sourceTree = "<group>"; };
		A7AFB1A32BA254710093A619 /* RegisterViewModel.swift */ = {isa = PBXFileReference; lastKnownFileType = sourcecode.swift; path = RegisterViewModel.swift; sourceTree = "<group>"; };
		A7AFB1A52BA2547C0093A619 /* ProfileViewModel.swift */ = {isa = PBXFileReference; lastKnownFileType = sourcecode.swift; path = ProfileViewModel.swift; sourceTree = "<group>"; };
		A7AFB1A72BA2548A0093A619 /* ToDoListViewModel.swift */ = {isa = PBXFileReference; lastKnownFileType = sourcecode.swift; path = ToDoListViewModel.swift; sourceTree = "<group>"; };
		A7AFB1A92BA254980093A619 /* NewItemViewModel.swift */ = {isa = PBXFileReference; lastKnownFileType = sourcecode.swift; path = NewItemViewModel.swift; sourceTree = "<group>"; };
		A7AFB1AD2BA254DC0093A619 /* ToDoListItemViewModel.swift */ = {isa = PBXFileReference; lastKnownFileType = sourcecode.swift; path = ToDoListItemViewModel.swift; sourceTree = "<group>"; };
/* End PBXFileReference section */

/* Begin PBXFrameworksBuildPhase section */
		A7AFB16A2BA24F500093A619 /* Frameworks */ = {
			isa = PBXFrameworksBuildPhase;
			buildActionMask = 2147483647;
			files = (
				A7AFB18E2BA2525C0093A619 /* FirebaseAuth in Frameworks */,
				A7AFB1902BA2525C0093A619 /* FirebaseFirestore in Frameworks */,
				A7AFB1922BA2525C0093A619 /* FirebaseFirestoreSwift in Frameworks */,
			);
			runOnlyForDeploymentPostprocessing = 0;
		};
/* End PBXFrameworksBuildPhase section */

/* Begin PBXGroup section */
		A7AFB1642BA24F500093A619 = {
			isa = PBXGroup;
			children = (
				A7AFB16F2BA24F500093A619 /* ToDoApp */,
				A7AFB16E2BA24F500093A619 /* Products */,
			);
			sourceTree = "<group>";
		};
		A7AFB16E2BA24F500093A619 /* Products */ = {
			isa = PBXGroup;
			children = (
				A7AFB16D2BA24F500093A619 /* ToDoApp.app */,
			);
			name = Products;
			sourceTree = "<group>";
		};
		A7AFB16F2BA24F500093A619 /* ToDoApp */ = {
			isa = PBXGroup;
			children = (
				A7AFB1852BA2517B0093A619 /* Other */,
				A7AFB1802BA2513D0093A619 /* View */,
				A7AFB1812BA251440093A619 /* ViewModel */,
				A7AFB1842BA251580093A619 /* Model */,
				A7AFB1702BA24F500093A619 /* ToDoAppApp.swift */,
				A7AFB1762BA24F510093A619 /* Preview Content */,
			);
			path = ToDoApp;
			sourceTree = "<group>";
		};
		A7AFB1762BA24F510093A619 /* Preview Content */ = {
			isa = PBXGroup;
			children = (
				A7AFB1772BA24F510093A619 /* Preview Assets.xcassets */,
			);
			path = "Preview Content";
			sourceTree = "<group>";
		};
		A7AFB1802BA2513D0093A619 /* View */ = {
			isa = PBXGroup;
			children = (
				A7AFB17E2BA251160093A619 /* MainView.swift */,
				A7AFB1882BA251B50093A619 /* LoginView.swift */,
				A7AFB18A2BA251C30093A619 /* RegisterView.swift */,
				A7AFB1972BA253EA0093A619 /* ProfileView.swift */,
				A7AFB1992BA253FF0093A619 /* ToDoListView.swift */,
				A7AFB19B2BA2542F0093A619 /* NewItemView.swift */,
				A7AFB19D2BA2543E0093A619 /* ToDoListItemView.swift */,
			);
			path = View;
			sourceTree = "<group>";
		};
		A7AFB1812BA251440093A619 /* ViewModel */ = {
			isa = PBXGroup;
			children = (
				A7AFB19F2BA2545E0093A619 /* MainViewModel.swift */,
				A7AFB1A12BA254670093A619 /* LoginViewModel.swift */,
				A7AFB1A32BA254710093A619 /* RegisterViewModel.swift */,
				A7AFB1A52BA2547C0093A619 /* ProfileViewModel.swift */,
				A7AFB1A72BA2548A0093A619 /* ToDoListViewModel.swift */,
				A7AFB1A92BA254980093A619 /* NewItemViewModel.swift */,
				A7AFB1AD2BA254DC0093A619 /* ToDoListItemViewModel.swift */,
			);
			path = ViewModel;
			sourceTree = "<group>";
		};
		A7AFB1842BA251580093A619 /* Model */ = {
			isa = PBXGroup;
			children = (
				A7AFB1932BA253B60093A619 /* User.swift */,
				A7AFB1952BA253CD0093A619 /* ToDoListItem.swift */,
			);
			path = Model;
			sourceTree = "<group>";
		};
		A7AFB1852BA2517B0093A619 /* Other */ = {
			isa = PBXGroup;
			children = (
				A7AFB1862BA251A00093A619 /* GoogleService-Info.plist */,
				A7AFB1742BA24F510093A619 /* Assets.xcassets */,
			);
			path = Other;
			sourceTree = "<group>";
		};
/* End PBXGroup section */

/* Begin PBXNativeTarget section */
		A7AFB16C2BA24F500093A619 /* ToDoApp */ = {
			isa = PBXNativeTarget;
			buildConfigurationList = A7AFB17B2BA24F510093A619 /* Build configuration list for PBXNativeTarget "ToDoApp" */;
			buildPhases = (
				A7AFB1692BA24F500093A619 /* Sources */,
				A7AFB16A2BA24F500093A619 /* Frameworks */,
				A7AFB16B2BA24F500093A619 /* Resources */,
			);
			buildRules = (
			);
			dependencies = (
			);
			name = ToDoApp;
			packageProductDependencies = (
				A7AFB18D2BA2525C0093A619 /* FirebaseAuth */,
				A7AFB18F2BA2525C0093A619 /* FirebaseFirestore */,
				A7AFB1912BA2525C0093A619 /* FirebaseFirestoreSwift */,
			);
			productName = ToDoApp;
			productReference = A7AFB16D2BA24F500093A619 /* ToDoApp.app */;
			productType = "com.apple.product-type.application";
		};
/* End PBXNativeTarget section */

/* Begin PBXProject section */
		A7AFB1652BA24F500093A619 /* Project object */ = {
			isa = PBXProject;
			attributes = {
				BuildIndependentTargetsInParallel = 1;
				LastSwiftUpdateCheck = 1410;
				LastUpgradeCheck = 1410;
				TargetAttributes = {
					A7AFB16C2BA24F500093A619 = {
						CreatedOnToolsVersion = 14.1;
					};
				};
			};
			buildConfigurationList = A7AFB1682BA24F500093A619 /* Build configuration list for PBXProject "ToDoApp" */;
			compatibilityVersion = "Xcode 14.0";
			developmentRegion = en;
			hasScannedForEncodings = 0;
			knownRegions = (
				en,
				Base,
			);
			mainGroup = A7AFB1642BA24F500093A619;
			packageReferences = (
				A7AFB18C2BA2525C0093A619 /* XCRemoteSwiftPackageReference "firebase-ios-sdk" */,
			);
			productRefGroup = A7AFB16E2BA24F500093A619 /* Products */;
			projectDirPath = "";
			projectRoot = "";
			targets = (
				A7AFB16C2BA24F500093A619 /* ToDoApp */,
			);
		};
/* End PBXProject section */

/* Begin PBXResourcesBuildPhase section */
		A7AFB16B2BA24F500093A619 /* Resources */ = {
			isa = PBXResourcesBuildPhase;
			buildActionMask = 2147483647;
			files = (
				A7AFB1782BA24F510093A619 /* Preview Assets.xcassets in Resources */,
				A7AFB1752BA24F510093A619 /* Assets.xcassets in Resources */,
				A7AFB1872BA251A00093A619 /* GoogleService-Info.plist in Resources */,
			);
			runOnlyForDeploymentPostprocessing = 0;
		};
/* End PBXResourcesBuildPhase section */

/* Begin PBXSourcesBuildPhase section */
		A7AFB1692BA24F500093A619 /* Sources */ = {
			isa = PBXSourcesBuildPhase;
			buildActionMask = 2147483647;
			files = (
				A7AFB19C2BA2542F0093A619 /* NewItemView.swift in Sources */,
				A7AFB1892BA251B50093A619 /* LoginView.swift in Sources */,
				A7AFB18B2BA251C30093A619 /* RegisterView.swift in Sources */,
				A7AFB19A2BA253FF0093A619 /* ToDoListView.swift in Sources */,
				A7AFB1962BA253CD0093A619 /* ToDoListItem.swift in Sources */,
				A7AFB19E2BA2543E0093A619 /* ToDoListItemView.swift in Sources */,
				A7AFB1AA2BA254980093A619 /* NewItemViewModel.swift in Sources */,
				A7AFB1A62BA2547C0093A619 /* ProfileViewModel.swift in Sources */,
				A7AFB17F2BA251160093A619 /* MainView.swift in Sources */,
				A7AFB1AE2BA254DC0093A619 /* ToDoListItemViewModel.swift in Sources */,
				A7AFB1942BA253B60093A619 /* User.swift in Sources */,
				A7AFB1A82BA2548A0093A619 /* ToDoListViewModel.swift in Sources */,
				A7AFB1A42BA254710093A619 /* RegisterViewModel.swift in Sources */,
				A7AFB1A22BA254670093A619 /* LoginViewModel.swift in Sources */,
				A7AFB1982BA253EA0093A619 /* ProfileView.swift in Sources */,
				A7AFB1712BA24F500093A619 /* ToDoAppApp.swift in Sources */,
				A7AFB1A02BA2545E0093A619 /* MainViewModel.swift in Sources */,
			);
			runOnlyForDeploymentPostprocessing = 0;
		};
/* End PBXSourcesBuildPhase section */

/* Begin XCBuildConfiguration section */
		A7AFB1792BA24F510093A619 /* Debug */ = {
			isa = XCBuildConfiguration;
			buildSettings = {
				ALWAYS_SEARCH_USER_PATHS = NO;
				CLANG_ANALYZER_NONNULL = YES;
				CLANG_ANALYZER_NUMBER_OBJECT_CONVERSION = YES_AGGRESSIVE;
				CLANG_CXX_LANGUAGE_STANDARD = "gnu++20";
				CLANG_ENABLE_MODULES = YES;
				CLANG_ENABLE_OBJC_ARC = YES;
				CLANG_ENABLE_OBJC_WEAK = YES;
				CLANG_WARN_BLOCK_CAPTURE_AUTORELEASING = YES;
				CLANG_WARN_BOOL_CONVERSION = YES;
				CLANG_WARN_COMMA = YES;
				CLANG_WARN_CONSTANT_CONVERSION = YES;
				CLANG_WARN_DEPRECATED_OBJC_IMPLEMENTATIONS = YES;
				CLANG_WARN_DIRECT_OBJC_ISA_USAGE = YES_ERROR;
				CLANG_WARN_DOCUMENTATION_COMMENTS = YES;
				CLANG_WARN_EMPTY_BODY = YES;
				CLANG_WARN_ENUM_CONVERSION = YES;
				CLANG_WARN_INFINITE_RECURSION = YES;
				CLANG_WARN_INT_CONVERSION = YES;
				CLANG_WARN_NON_LITERAL_NULL_CONVERSION = YES;
				CLANG_WARN_OBJC_IMPLICIT_RETAIN_SELF = YES;
				CLANG_WARN_OBJC_LITERAL_CONVERSION = YES;
				CLANG_WARN_OBJC_ROOT_CLASS = YES_ERROR;
				CLANG_WARN_QUOTED_INCLUDE_IN_FRAMEWORK_HEADER = YES;
				CLANG_WARN_RANGE_LOOP_ANALYSIS = YES;
				CLANG_WARN_STRICT_PROTOTYPES = YES;
				CLANG_WARN_SUSPICIOUS_MOVE = YES;
				CLANG_WARN_UNGUARDED_AVAILABILITY = YES_AGGRESSIVE;
				CLANG_WARN_UNREACHABLE_CODE = YES;
				CLANG_WARN__DUPLICATE_METHOD_MATCH = YES;
				COPY_PHASE_STRIP = NO;
				DEBUG_INFORMATION_FORMAT = dwarf;
				ENABLE_STRICT_OBJC_MSGSEND = YES;
				ENABLE_TESTABILITY = YES;
				GCC_C_LANGUAGE_STANDARD = gnu11;
				GCC_DYNAMIC_NO_PIC = NO;
				GCC_NO_COMMON_BLOCKS = YES;
				GCC_OPTIMIZATION_LEVEL = 0;
				GCC_PREPROCESSOR_DEFINITIONS = (
					"DEBUG=1",
					"$(inherited)",
				);
				GCC_WARN_64_TO_32_BIT_CONVERSION = YES;
				GCC_WARN_ABOUT_RETURN_TYPE = YES_ERROR;
				GCC_WARN_UNDECLARED_SELECTOR = YES;
				GCC_WARN_UNINITIALIZED_AUTOS = YES_AGGRESSIVE;
				GCC_WARN_UNUSED_FUNCTION = YES;
				GCC_WARN_UNUSED_VARIABLE = YES;
				IPHONEOS_DEPLOYMENT_TARGET = 16.1;
				MTL_ENABLE_DEBUG_INFO = INCLUDE_SOURCE;
				MTL_FAST_MATH = YES;
				ONLY_ACTIVE_ARCH = YES;
				SDKROOT = iphoneos;
				SWIFT_ACTIVE_COMPILATION_CONDITIONS = DEBUG;
				SWIFT_OPTIMIZATION_LEVEL = "-Onone";
			};
			name = Debug;
		};
		A7AFB17A2BA24F510093A619 /* Release */ = {
			isa = XCBuildConfiguration;
			buildSettings = {
				ALWAYS_SEARCH_USER_PATHS = NO;
				CLANG_ANALYZER_NONNULL = YES;
				CLANG_ANALYZER_NUMBER_OBJECT_CONVERSION = YES_AGGRESSIVE;
				CLANG_CXX_LANGUAGE_STANDARD = "gnu++20";
				CLANG_ENABLE_MODULES = YES;
				CLANG_ENABLE_OBJC_ARC = YES;
				CLANG_ENABLE_OBJC_WEAK = YES;
				CLANG_WARN_BLOCK_CAPTURE_AUTORELEASING = YES;
				CLANG_WARN_BOOL_CONVERSION = YES;
				CLANG_WARN_COMMA = YES;
				CLANG_WARN_CONSTANT_CONVERSION = YES;
				CLANG_WARN_DEPRECATED_OBJC_IMPLEMENTATIONS = YES;
				CLANG_WARN_DIRECT_OBJC_ISA_USAGE = YES_ERROR;
				CLANG_WARN_DOCUMENTATION_COMMENTS = YES;
				CLANG_WARN_EMPTY_BODY = YES;
				CLANG_WARN_ENUM_CONVERSION = YES;
				CLANG_WARN_INFINITE_RECURSION = YES;
				CLANG_WARN_INT_CONVERSION = YES;
				CLANG_WARN_NON_LITERAL_NULL_CONVERSION = YES;
				CLANG_WARN_OBJC_IMPLICIT_RETAIN_SELF = YES;
				CLANG_WARN_OBJC_LITERAL_CONVERSION = YES;
				CLANG_WARN_OBJC_ROOT_CLASS = YES_ERROR;
				CLANG_WARN_QUOTED_INCLUDE_IN_FRAMEWORK_HEADER = YES;
				CLANG_WARN_RANGE_LOOP_ANALYSIS = YES;
				CLANG_WARN_STRICT_PROTOTYPES = YES;
				CLANG_WARN_SUSPICIOUS_MOVE = YES;
				CLANG_WARN_UNGUARDED_AVAILABILITY = YES_AGGRESSIVE;
				CLANG_WARN_UNREACHABLE_CODE = YES;
				CLANG_WARN__DUPLICATE_METHOD_MATCH = YES;
				COPY_PHASE_STRIP = NO;
				DEBUG_INFORMATION_FORMAT = "dwarf-with-dsym";
				ENABLE_NS_ASSERTIONS = NO;
				ENABLE_STRICT_OBJC_MSGSEND = YES;
				GCC_C_LANGUAGE_STANDARD = gnu11;
				GCC_NO_COMMON_BLOCKS = YES;
				GCC_WARN_64_TO_32_BIT_CONVERSION = YES;
				GCC_WARN_ABOUT_RETURN_TYPE = YES_ERROR;
				GCC_WARN_UNDECLARED_SELECTOR = YES;
				GCC_WARN_UNINITIALIZED_AUTOS = YES_AGGRESSIVE;
				GCC_WARN_UNUSED_FUNCTION = YES;
				GCC_WARN_UNUSED_VARIABLE = YES;
				IPHONEOS_DEPLOYMENT_TARGET = 16.1;
				MTL_ENABLE_DEBUG_INFO = NO;
				MTL_FAST_MATH = YES;
				SDKROOT = iphoneos;
				SWIFT_COMPILATION_MODE = wholemodule;
				SWIFT_OPTIMIZATION_LEVEL = "-O";
				VALIDATE_PRODUCT = YES;
			};
			name = Release;
		};
		A7AFB17C2BA24F510093A619 /* Debug */ = {
			isa = XCBuildConfiguration;
			buildSettings = {
				ASSETCATALOG_COMPILER_APPICON_NAME = AppIcon;
				ASSETCATALOG_COMPILER_GLOBAL_ACCENT_COLOR_NAME = AccentColor;
				CODE_SIGN_STYLE = Automatic;
				CURRENT_PROJECT_VERSION = 1;
				DEVELOPMENT_ASSET_PATHS = "\"ToDoApp/Preview Content\"";
				ENABLE_PREVIEWS = YES;
				GENERATE_INFOPLIST_FILE = YES;
				INFOPLIST_KEY_UIApplicationSceneManifest_Generation = YES;
				INFOPLIST_KEY_UIApplicationSupportsIndirectInputEvents = YES;
				INFOPLIST_KEY_UILaunchScreen_Generation = YES;
				INFOPLIST_KEY_UISupportedInterfaceOrientations_iPad = "UIInterfaceOrientationPortrait UIInterfaceOrientationPortraitUpsideDown UIInterfaceOrientationLandscapeLeft UIInterfaceOrientationLandscapeRight";
				INFOPLIST_KEY_UISupportedInterfaceOrientations_iPhone = "UIInterfaceOrientationPortrait UIInterfaceOrientationLandscapeLeft UIInterfaceOrientationLandscapeRight";
				LD_RUNPATH_SEARCH_PATHS = (
					"$(inherited)",
					"@executable_path/Frameworks",
				);
				MARKETING_VERSION = 1.0;
				PRODUCT_BUNDLE_IDENTIFIER = com.lapisco.ToDoApp;
				PRODUCT_NAME = "$(TARGET_NAME)";
				SWIFT_EMIT_LOC_STRINGS = YES;
				SWIFT_VERSION = 5.0;
				TARGETED_DEVICE_FAMILY = "1,2";
			};
			name = Debug;
		};
		A7AFB17D2BA24F510093A619 /* Release */ = {
			isa = XCBuildConfiguration;
			buildSettings = {
				ASSETCATALOG_COMPILER_APPICON_NAME = AppIcon;
				ASSETCATALOG_COMPILER_GLOBAL_ACCENT_COLOR_NAME = AccentColor;
				CODE_SIGN_STYLE = Automatic;
				CURRENT_PROJECT_VERSION = 1;
				DEVELOPMENT_ASSET_PATHS = "\"ToDoApp/Preview Content\"";
				ENABLE_PREVIEWS = YES;
				GENERATE_INFOPLIST_FILE = YES;
				INFOPLIST_KEY_UIApplicationSceneManifest_Generation = YES;
				INFOPLIST_KEY_UIApplicationSupportsIndirectInputEvents = YES;
				INFOPLIST_KEY_UILaunchScreen_Generation = YES;
				INFOPLIST_KEY_UISupportedInterfaceOrientations_iPad = "UIInterfaceOrientationPortrait UIInterfaceOrientationPortraitUpsideDown UIInterfaceOrientationLandscapeLeft UIInterfaceOrientationLandscapeRight";
				INFOPLIST_KEY_UISupportedInterfaceOrientations_iPhone = "UIInterfaceOrientationPortrait UIInterfaceOrientationLandscapeLeft UIInterfaceOrientationLandscapeRight";
				LD_RUNPATH_SEARCH_PATHS = (
					"$(inherited)",
					"@executable_path/Frameworks",
				);
				MARKETING_VERSION = 1.0;
				PRODUCT_BUNDLE_IDENTIFIER = com.lapisco.ToDoApp;
				PRODUCT_NAME = "$(TARGET_NAME)";
				SWIFT_EMIT_LOC_STRINGS = YES;
				SWIFT_VERSION = 5.0;
				TARGETED_DEVICE_FAMILY = "1,2";
			};
			name = Release;
		};
/* End XCBuildConfiguration section */

/* Begin XCConfigurationList section */
		A7AFB1682BA24F500093A619 /* Build configuration list for PBXProject "ToDoApp" */ = {
			isa = XCConfigurationList;
			buildConfigurations = (
				A7AFB1792BA24F510093A619 /* Debug */,
				A7AFB17A2BA24F510093A619 /* Release */,
			);
			defaultConfigurationIsVisible = 0;
			defaultConfigurationName = Release;
		};
		A7AFB17B2BA24F510093A619 /* Build configuration list for PBXNativeTarget "ToDoApp" */ = {
			isa = XCConfigurationList;
			buildConfigurations = (
				A7AFB17C2BA24F510093A619 /* Debug */,
				A7AFB17D2BA24F510093A619 /* Release */,
			);
			defaultConfigurationIsVisible = 0;
			defaultConfigurationName = Release;
		};
/* End XCConfigurationList section */

/* Begin XCRemoteSwiftPackageReference section */
		A7AFB18C2BA2525C0093A619 /* XCRemoteSwiftPackageReference "firebase-ios-sdk" */ = {
			isa = XCRemoteSwiftPackageReference;
			repositoryURL = "https://github.com/firebase/firebase-ios-sdk";
			requirement = {
				kind = upToNextMajorVersion;
				minimumVersion = 9.0.0;
			};
		};
/* End XCRemoteSwiftPackageReference section */

/* Begin XCSwiftPackageProductDependency section */
		A7AFB18D2BA2525C0093A619 /* FirebaseAuth */ = {
			isa = XCSwiftPackageProductDependency;
			package = A7AFB18C2BA2525C0093A619 /* XCRemoteSwiftPackageReference "firebase-ios-sdk" */;
			productName = FirebaseAuth;
		};
		A7AFB18F2BA2525C0093A619 /* FirebaseFirestore */ = {
			isa = XCSwiftPackageProductDependency;
			package = A7AFB18C2BA2525C0093A619 /* XCRemoteSwiftPackageReference "firebase-ios-sdk" */;
			productName = FirebaseFirestore;
		};
		A7AFB1912BA2525C0093A619 /* FirebaseFirestoreSwift */ = {
			isa = XCSwiftPackageProductDependency;
			package = A7AFB18C2BA2525C0093A619 /* XCRemoteSwiftPackageReference "firebase-ios-sdk" */;
			productName = FirebaseFirestoreSwift;
		};
/* End XCSwiftPackageProductDependency section */
	};
	rootObject = A7AFB1652BA24F500093A619 /* Project object */;
}
